
Microsoft Visual Studio Solution File, Format Version 12.00
# Visual Studio 15
VisualStudioVersion = 15.0.27130.2027
MinimumVisualStudioVersion = 10.0.40219.1
Project("{FAE04EC0-301F-11D3-BF4B-00C04F79EFBC}") = "Ping-pong_WPF", "Ping-pong_WPF\Ping-pong_WPF.csproj", "{8DE62700-813E-4CED-A887-839E4D407838}"
EndProject
Global
	GlobalSection(SolutionConfigurationPlatforms) = preSolution
		Debug|Any CPU = Debug|Any CPU
		Release|Any CPU = Release|Any CPU
	EndGlobalSection
	GlobalSection(ProjectConfigurationPlatforms) = postSolution
		{8DE62700-813E-4CED-A887-839E4D407838}.Debug|Any CPU.ActiveCfg = Debug|Any CPU
		{8DE62700-813E-4CED-A887-839E4D407838}.Debug|Any CPU.Build.0 = Debug|Any CPU
		{8DE62700-813E-4CED-A887-839E4D407838}.Release|Any CPU.ActiveCfg = Release|Any CPU
		{8DE62700-813E-4CED-A887-839E4D407838}.Release|Any CPU.Build.0 = Release|Any CPU
	EndGlobalSection
	GlobalSection(SolutionProperties) = preSolution
		HideSolutionNode = FALSE
	EndGlobalSection
	GlobalSection(ExtensibilityGlobals) = postSolution
		SolutionGuid = {264A8460-1520-498B-B604-18D2D61A79C8}
	EndGlobalSection
EndGlobal
